{
  "name": "hexo-theme-next",
  "version": "5.1.4",
  "lockfileVersion": 1,
  "requires": true,
  "dependencies": {
    "hexo-wordcount": {
      "version": "6.0.1",
      "resolved": "http://registry.npm.taobao.org/hexo-wordcount/download/hexo-wordcount-6.0.1.tgz",
      "integrity": "sha1-WmDvydPI5CGVby/WaDypSop5UmQ="
    }
  }
}
